
Microsoft Visual Studio Solution File, Format Version 12.00
# Visual Studio 15
VisualStudioVersion = 15.0.26730.16
MinimumVisualStudioVersion = 10.0.40219.1
Project("{9A19103F-16F7-4668-BE54-9A1E7A4F7556}") = "BankAccount", "BankAccount\BankAccount.csproj", "{482CC12D-D37B-4BF6-9BFC-566F7A43734E}"
EndProject
Project("{FAE04EC0-301F-11D3-BF4B-00C04F79EFBC}") = "BankAccountTest", "BankAccountTest\BankAccountTest.csproj", "{0CADF400-1ECA-4676-94AF-206BE4922331}"
EndProject
Global
	GlobalSection(SolutionConfigurationPlatforms) = preSolution
		Debug|Any CPU = Debug|Any CPU
		Release|Any CPU = Release|Any CPU
	EndGlobalSection
	GlobalSection(ProjectConfigurationPlatforms) = postSolution
		{482CC12D-D37B-4BF6-9BFC-566F7A43734E}.Debug|Any CPU.ActiveCfg = Debug|Any CPU
		{482CC12D-D37B-4BF6-9BFC-566F7A43734E}.Debug|Any CPU.Build.0 = Debug|Any CPU
		{482CC12D-D37B-4BF6-9BFC-566F7A43734E}.Release|Any CPU.ActiveCfg = Release|Any CPU
		{482CC12D-D37B-4BF6-9BFC-566F7A43734E}.Release|Any CPU.Build.0 = Release|Any CPU
		{0CADF400-1ECA-4676-94AF-206BE4922331}.Debug|Any CPU.ActiveCfg = Debug|Any CPU
		{0CADF400-1ECA-4676-94AF-206BE4922331}.Debug|Any CPU.Build.0 = Debug|Any CPU
		{0CADF400-1ECA-4676-94AF-206BE4922331}.Release|Any CPU.ActiveCfg = Release|Any CPU
		{0CADF400-1ECA-4676-94AF-206BE4922331}.Release|Any CPU.Build.0 = Release|Any CPU
	EndGlobalSection
	GlobalSection(SolutionProperties) = preSolution
		HideSolutionNode = FALSE
	EndGlobalSection
	GlobalSection(ExtensibilityGlobals) = postSolution
		SolutionGuid = {F30F2B90-BC6A-4F78-A0F7-C45C7F3F39AF}
	EndGlobalSection
EndGlobal
